# This file is generated by running "yarn install" inside your project.
# Manual changes might be lost - proceed with caution!

__metadata:
  version: 8
  cacheKey: 10

"@aws-crypto/crc32@npm:5.2.0":
  version: 5.2.0
  resolution: "@aws-crypto/crc32@npm:5.2.0"
  dependencies:
    "@aws-crypto/util": "npm:^5.2.0"
    "@aws-sdk/types": "npm:^3.222.0"
    tslib: "npm:^2.6.2"
  checksum: 10/1b0a56ad4cb44c9512d8b1668dcf9306ab541d3a73829f435ca97abaec8d56f3db953db03ad0d0698754fea16fcd803d11fa42e0889bc7b803c6a030b04c63de
  languageName: node
  linkType: hard

"@aws-crypto/sha256-browser@npm:5.2.0":
  version: 5.2.0
  resolution: "@aws-crypto/sha256-browser@npm:5.2.0"
  dependencies:
    "@aws-crypto/sha256-js": "npm:^5.2.0"
    "@aws-crypto/supports-web-crypto": "npm:^5.2.0"
    "@aws-crypto/util": "npm:^5.2.0"
    "@aws-sdk/types": "npm:^3.222.0"
    "@aws-sdk/util-locate-window": "npm:^3.0.0"
    "@smithy/util-utf8": "npm:^2.0.0"
    tslib: "npm:^2.6.2"
  checksum: 10/2b1b701ca6caa876333b4eb2b96e5187d71ebb51ebf8e2d632690dbcdedeff038202d23adcc97e023437ed42bb1963b7b463e343687edf0635fd4b98b2edad1a
  languageName: node
  linkType: hard

"@aws-crypto/sha256-js@npm:5.2.0, @aws-crypto/sha256-js@npm:^5.2.0":
  version: 5.2.0
  resolution: "@aws-crypto/sha256-js@npm:5.2.0"
  dependencies:
    "@aws-crypto/util": "npm:^5.2.0"
    "@aws-sdk/types": "npm:^3.222.0"
    tslib: "npm:^2.6.2"
  checksum: 10/f46aace7b873c615be4e787ab0efd0148ef7de48f9f12c7d043e05c52e52b75bb0bf6dbcb9b2852d940d7724fab7b6d5ff1469160a3dd024efe7a68b5f70df8c
  languageName: node
  linkType: hard

"@aws-crypto/supports-web-crypto@npm:^5.2.0":
  version: 5.2.0
  resolution: "@aws-crypto/supports-web-crypto@npm:5.2.0"
  dependencies:
    tslib: "npm:^2.6.2"
  checksum: 10/6ed0c7e17f4f6663d057630805c45edb35d5693380c24ab52d4c453ece303c6c8a6ade9ee93c97dda77d9f6cae376ffbb44467057161c513dffa3422250edaf5
  languageName: node
  linkType: hard

"@aws-crypto/util@npm:^5.2.0":
  version: 5.2.0
  resolution: "@aws-crypto/util@npm:5.2.0"
  dependencies:
    "@aws-sdk/types": "npm:^3.222.0"
    "@smithy/util-utf8": "npm:^2.0.0"
    tslib: "npm:^2.6.2"
  checksum: 10/f80a174c404e1ad4364741c942f440e75f834c08278fa754349fe23a6edc679d480ea9ced5820774aee58091ed270067022d8059ecf1a7ef452d58134ac7e9e1
  languageName: node
  linkType: hard

"@aws-sdk/client-sesv2@npm:^3.911.0":
  version: 3.1053.0
  resolution: "@aws-sdk/client-sesv2@npm:3.1053.0"
  dependencies:
    "@aws-crypto/sha256-browser": "npm:5.2.0"
    "@aws-crypto/sha256-js": "npm:5.2.0"
    "@aws-sdk/core": "npm:^3.974.13"
    "@aws-sdk/credential-provider-node": "npm:^3.972.44"
    "@aws-sdk/signature-v4-multi-region": "npm:^3.996.28"
    "@aws-sdk/types": "npm:^3.973.9"
    "@smithy/core": "npm:^3.24.3"
    "@smithy/fetch-http-handler": "npm:^5.4.3"
    "@smithy/node-http-handler": "npm:^4.7.3"
    "@smithy/types": "npm:^4.14.2"
    tslib: "npm:^2.6.2"
  checksum: 10/7a87c6adf4c02bac01656c096d3d8762160195a852164469ad2c0a1912976a6617350b0552dc07e1c64431cd01d1fe6f8417988d4b8dc4a435091919110670fe
  languageName: node
  linkType: hard

"@aws-sdk/core@npm:^3.974.13":
  version: 3.974.13
  resolution: "@aws-sdk/core@npm:3.974.13"
  dependencies:
    "@aws-sdk/types": "npm:^3.973.9"
    "@aws-sdk/xml-builder": "npm:^3.972.25"
    "@aws/lambda-invoke-store": "npm:^0.2.2"
    "@smithy/core": "npm:^3.24.3"
    "@smithy/signature-v4": "npm:^5.4.2"
    "@smithy/types": "npm:^4.14.2"
    bowser: "npm:^2.11.0"
    tslib: "npm:^2.6.2"
  checksum: 10/379d9529c6cd56fea0d3665907eca2af35b907f5b271112dfc5ff5634fe2ed9104b5a1438a72b712133922f72e277f913731c7d525b0cd42d7156d676a35518a
  languageName: node
  linkType: hard

"@aws-sdk/credential-provider-env@npm:^3.972.39":
  version: 3.972.39
  resolution: "@aws-sdk/credential-provider-env@npm:3.972.39"
  dependencies:
    "@aws-sdk/core": "npm:^3.974.13"
    "@aws-sdk/types": "npm:^3.973.9"
    "@smithy/core": "npm:^3.24.3"
    "@smithy/types": "npm:^4.14.2"
    tslib: "npm:^2.6.2"
  checksum: 10/efaee13af3ada74410a3de23c6c9d277987789185a69a377e77a85305f622ac1e5709332e59450d52856ece7e943d55ff213656f769eb2b24377edadbe1c2c5b
  languageName: node
  linkType: hard

"@aws-sdk/credential-provider-http@npm:^3.972.41":
  version: 3.972.41
  resolution: "@aws-sdk/credential-provider-http@npm:3.972.41"
  dependencies:
    "@aws-sdk/core": "npm:^3.974.13"
    "@aws-sdk/types": "npm:^3.973.9"
    "@smithy/core": "npm:^3.24.3"
    "@smithy/fetch-http-handler": "npm:^5.4.3"
    "@smithy/node-http-handler": "npm:^4.7.3"
    "@smithy/types": "npm:^4.14.2"
    tslib: "npm:^2.6.2"
  checksum: 10/20b43faa30378bd500b773d6577b66202de0c4e0d468cb4646db02c472bacf0165769d838e44badcc00c0cd65b18fdedcedfc75538c9860da557255eab41ea90
  languageName: node
  linkType: hard

"@aws-sdk/credential-provider-ini@npm:^3.972.43":
  version: 3.972.43
  resolution: "@aws-sdk/credential-provider-ini@npm:3.972.43"
  dependencies:
    "@aws-sdk/core": "npm:^3.974.13"
    "@aws-sdk/credential-provider-env": "npm:^3.972.39"
    "@aws-sdk/credential-provider-http": "npm:^3.972.41"
    "@aws-sdk/credential-provider-login": "npm:^3.972.43"
    "@aws-sdk/credential-provider-process": "npm:^3.972.39"
    "@aws-sdk/credential-provider-sso": "npm:^3.972.43"
    "@aws-sdk/credential-provider-web-identity": "npm:^3.972.43"
    "@aws-sdk/nested-clients": "npm:^3.997.11"
    "@aws-sdk/types": "npm:^3.973.9"
    "@smithy/core": "npm:^3.24.3"
    "@smithy/credential-provider-imds": "npm:^4.3.2"
    "@smithy/types": "npm:^4.14.2"
    tslib: "npm:^2.6.2"
  checksum: 10/32d7beb69a75ea8949388d3757ca45f392c71d9831ffbf0be8fff00edfc27bb3139c26037a717ef252e8fafbde314b6e4bbda4f29ba14ec2049e9945736b2b20
  languageName: node
  linkType: hard

"@aws-sdk/credential-provider-login@npm:^3.972.43":
  version: 3.972.43
  resolution: "@aws-sdk/credential-provider-login@npm:3.972.43"
  dependencies:
    "@aws-sdk/core": "npm:^3.974.13"
    "@aws-sdk/nested-clients": "npm:^3.997.11"
    "@aws-sdk/types": "npm:^3.973.9"
    "@smithy/core": "npm:^3.24.3"
    "@smithy/types": "npm:^4.14.2"
    tslib: "npm:^2.6.2"
  checksum: 10/a149b235bcce728f882ccfe6f44e9284763055a033d26f9b79be759c5135d57ec5457c00b708383d425fabb638143a53d6770e4476370ca129f5b2ad5a09ba8a
  languageName: node
  linkType: hard

"@aws-sdk/credential-provider-node@npm:^3.972.44":
  version: 3.972.44
  resolution: "@aws-sdk/credential-provider-node@npm:3.972.44"
  dependencies:
    "@aws-sdk/credential-provider-env": "npm:^3.972.39"
    "@aws-sdk/credential-provider-http": "npm:^3.972.41"
    "@aws-sdk/credential-provider-ini": "npm:^3.972.43"
    "@aws-sdk/credential-provider-process": "npm:^3.972.39"
    "@aws-sdk/credential-provider-sso": "npm:^3.972.43"
    "@aws-sdk/credential-provider-web-identity": "npm:^3.972.43"
    "@aws-sdk/types": "npm:^3.973.9"
    "@smithy/core": "npm:^3.24.3"
    "@smithy/credential-provider-imds": "npm:^4.3.2"
    "@smithy/types": "npm:^4.14.2"
    tslib: "npm:^2.6.2"
  checksum: 10/397ab194006bb466e0786065646aada5dd7c910e8ae3581195f53946530b436b1705ee86979f3af92ef1a74357015337477b26b9bdc1d2022e9163c0860a1fa1
  languageName: node
  linkType: hard

"@aws-sdk/credential-provider-process@npm:^3.972.39":
  version: 3.972.39
  resolution: "@aws-sdk/credential-provider-process@npm:3.972.39"
  dependencies:
    "@aws-sdk/core": "npm:^3.974.13"
    "@aws-sdk/types": "npm:^3.973.9"
    "@smithy/core": "npm:^3.24.3"
    "@smithy/types": "npm:^4.14.2"
    tslib: "npm:^2.6.2"
  checksum: 10/0c32f9534a9261bcb6bdd38657de0db25abf0dd1e77e15059cf5e0caa80d2f909efb498d5ae5f4d365408e6702619d6ec049d973394732a393f007d5c90a6d15
  languageName: node
  linkType: hard

"@aws-sdk/credential-provider-sso@npm:^3.972.43":
  version: 3.972.43
  resolution: "@aws-sdk/credential-provider-sso@npm:3.972.43"
  dependencies:
    "@aws-sdk/core": "npm:^3.974.13"
    "@aws-sdk/nested-clients": "npm:^3.997.11"
    "@aws-sdk/token-providers": "npm:3.1052.0"
    "@aws-sdk/types": "npm:^3.973.9"
    "@smithy/core": "npm:^3.24.3"
    "@smithy/types": "npm:^4.14.2"
    tslib: "npm:^2.6.2"
  checksum: 10/257ef41cd790762141538ab90636a5c803ab5677c29e8eae07cb0089924ed8299a7a5884ff3fc9a9c0d412eaa8418b053dd03efbbc39e50f358981d6175ea0a7
  languageName: node
  linkType: hard

"@aws-sdk/credential-provider-web-identity@npm:^3.972.43":
  version: 3.972.43
  resolution: "@aws-sdk/credential-provider-web-identity@npm:3.972.43"
  dependencies:
    "@aws-sdk/core": "npm:^3.974.13"
    "@aws-sdk/nested-clients": "npm:^3.997.11"
    "@aws-sdk/types": "npm:^3.973.9"
    "@smithy/core": "npm:^3.24.3"
    "@smithy/types": "npm:^4.14.2"
    tslib: "npm:^2.6.2"
  checksum: 10/39d67f79475aeda3e8ad96ed4a6dc1b00a101d42b3d537868edcfcfc6e344e5f81cf911232b2bea5dfd7b0ec371ff06f49fd560a54765bc1c7588dcd8c636398
  languageName: node
  linkType: hard

"@aws-sdk/nested-clients@npm:^3.997.11":
  version: 3.997.11
  resolution: "@aws-sdk/nested-clients@npm:3.997.11"
  dependencies:
    "@aws-crypto/sha256-browser": "npm:5.2.0"
    "@aws-crypto/sha256-js": "npm:5.2.0"
    "@aws-sdk/core": "npm:^3.974.13"
    "@aws-sdk/signature-v4-multi-region": "npm:^3.996.28"
    "@aws-sdk/types": "npm:^3.973.9"
    "@smithy/core": "npm:^3.24.3"
    "@smithy/fetch-http-handler": "npm:^5.4.3"
    "@smithy/node-http-handler": "npm:^4.7.3"
    "@smithy/types": "npm:^4.14.2"
    tslib: "npm:^2.6.2"
  checksum: 10/34c65176fdb7328621d39d01d130c55a7f78005512af2628c6503321a8a324a8834b09bacc97578cccc67bbd0d5fd293638c6d0897828c5f224101715917ea72
  languageName: node
  linkType: hard

"@aws-sdk/signature-v4-multi-region@npm:^3.996.28":
  version: 3.996.28
  resolution: "@aws-sdk/signature-v4-multi-region@npm:3.996.28"
  dependencies:
    "@aws-sdk/types": "npm:^3.973.9"
    "@smithy/core": "npm:^3.24.3"
    "@smithy/signature-v4": "npm:^5.4.2"
    "@smithy/types": "npm:^4.14.2"
    tslib: "npm:^2.6.2"
  checksum: 10/d08be76c6e608127de7d85bc584f0aa2c6fedc5f54ab7be774aa11cae307d62834fab2799205a28ec60f042d6f196da12d30e36a8ad8d134a9a311380400ad50
  languageName: node
  linkType: hard

"@aws-sdk/token-providers@npm:3.1052.0":
  version: 3.1052.0
  resolution: "@aws-sdk/token-providers@npm:3.1052.0"
  dependencies:
    "@aws-sdk/core": "npm:^3.974.13"
    "@aws-sdk/nested-clients": "npm:^3.997.11"
    "@aws-sdk/types": "npm:^3.973.9"
    "@smithy/core": "npm:^3.24.3"
    "@smithy/types": "npm:^4.14.2"
    tslib: "npm:^2.6.2"
  checksum: 10/e99c6c70c2feb2590046b348762fcf7d51d2ffb39016176427e23f89d5650a911ad4f3d9ca95556bf7954921b297be16a354f13ab404876b12223798883237c8
  languageName: node
  linkType: hard

"@aws-sdk/types@npm:^3.222.0, @aws-sdk/types@npm:^3.973.9":
  version: 3.973.9
  resolution: "@aws-sdk/types@npm:3.973.9"
  dependencies:
    "@smithy/types": "npm:^4.14.2"
    tslib: "npm:^2.6.2"
  checksum: 10/000bcdc931a23898dbae9ced4c5ca32a766ba787227a98b3d6f935c81571d68e3863d24910e6cacc8937751d381ad5f804d2b29997e5d27e8072877e5bf4c59b
  languageName: node
  linkType: hard

"@aws-sdk/util-locate-window@npm:^3.0.0":
  version: 3.965.5
  resolution: "@aws-sdk/util-locate-window@npm:3.965.5"
  dependencies:
    tslib: "npm:^2.6.2"
  checksum: 10/66391a7f6d0c383d6bc3ea67e35b0b0164798d9acbe47271fbc676cf74e7a56690f48425a91cce70e764c53ca46619f4abc076b569d8f991c19dd7c1ac4b0a79
  languageName: node
  linkType: hard

"@aws-sdk/xml-builder@npm:^3.972.25":
  version: 3.972.25
  resolution: "@aws-sdk/xml-builder@npm:3.972.25"
  dependencies:
    "@nodable/entities": "npm:2.1.0"
    "@smithy/types": "npm:^4.14.2"
    fast-xml-parser: "npm:5.7.3"
    tslib: "npm:^2.6.2"
  checksum: 10/7ddc24f7e097184b50ebb70b6db089807d18bc31bb1c4bd56c55cb67326232add465421ca5b6e1d5c2fd599fcd1995adf50607bba1002759dc565da04a397c54
  languageName: node
  linkType: hard

"@aws/lambda-invoke-store@npm:^0.2.2":
  version: 0.2.3
  resolution: "@aws/lambda-invoke-store@npm:0.2.3"
  checksum: 10/d0efa8ca73b2d8dc0bf634525eefa1b72cda85f5d47366264849343a6f2860cfa5c52b7f766a16b78da8406bbd3ee975da3abb1dbe38183f8af95413eafeb256
  languageName: node
  linkType: hard

"@azure-rest/core-client@npm:^2.3.3":
  version: 2.6.0
  resolution: "@azure-rest/core-client@npm:2.6.0"
  dependencies:
    "@azure/abort-controller": "npm:^2.1.2"
    "@azure/core-auth": "npm:^1.10.0"
    "@azure/core-rest-pipeline": "npm:^1.22.0"
    "@azure/core-tracing": "npm:^1.3.0"
    "@typespec/ts-http-runtime": "npm:^0.3.0"
    tslib: "npm:^2.6.2"
  checksum: 10/8fe4985b7b0714b74c184260ca557ae5ff3cbd0aa3e44dbba844df25476205020bd1dc6241f7de0e356da00312d5e151957cc944cee4da8f104bd848533eb9e8
  languageName: node
  linkType: hard

"@azure/abort-controller@npm:^2.0.0, @azure/abort-controller@npm:^2.1.2":
  version: 2.1.2
  resolution: "@azure/abort-controller@npm:2.1.2"
  dependencies:
    tslib: "npm:^2.6.2"
  checksum: 10/484e34a8121e5815f764af4da1c8b51d4713106e43f1c44e59671773ffff52da066780821c7633cf601668daa1181a57a1c88f57854d60b62ecc5560f9c52932
  languageName: node
  linkType: hard

"@azure/communication-common@npm:^2.3.1":
  version: 2.4.0
  resolution: "@azure/communication-common@npm:2.4.0"
  dependencies:
    "@azure-rest/core-client": "npm:^2.3.3"
    "@azure/abort-controller": "npm:^2.1.2"
    "@azure/core-auth": "npm:^1.9.0"
    "@azure/core-rest-pipeline": "npm:^1.17.0"
    "@azure/core-tracing": "npm:^1.2.0"
    "@azure/core-util": "npm:^1.11.0"
    events: "npm:^3.3.0"
    jwt-decode: "npm:^4.0.0"
    tslib: "npm:^2.8.1"
  checksum: 10/e8212d1676d567acb560b552bb9785de453485d595b9c4acae99e89d406c62654c844e7e9b3502100e365623d4db58dc323183691372f060ddf643b8e94ff119
  languageName: node
  linkType: hard

"@azure/communication-email@npm:^1.0.0":
  version: 1.1.0
  resolution: "@azure/communication-email@npm:1.1.0"
  dependencies:
    "@azure/abort-controller": "npm:^2.1.2"
    "@azure/communication-common": "npm:^2.3.1"
    "@azure/core-auth": "npm:^1.9.0"
    "@azure/core-client": "npm:^1.9.2"
    "@azure/core-lro": "npm:^2.7.2"
    "@azure/core-rest-pipeline": "npm:^1.18.0"
    "@azure/core-util": "npm:^1.11.0"
    "@azure/logger": "npm:^1.1.4"
    tslib: "npm:^2.8.1"
  checksum: 10/00503a11cd4478e20b56ec2708f439b9e13c766750fd550789eb2d6107d9f913f3036cc585865ee30ca369802eeebdd1199fbdeef2e91fe38fbec46bc9866f7f
  languageName: node
  linkType: hard

"@azure/core-auth@npm:^1.10.0, @azure/core-auth@npm:^1.9.0":
  version: 1.10.1
  resolution: "@azure/core-auth@npm:1.10.1"
  dependencies:
    "@azure/abort-controller": "npm:^2.1.2"
    "@azure/core-util": "npm:^1.13.0"
    tslib: "npm:^2.6.2"
  checksum: 10/230c1766d4cb3ac7beac45db65bd5e493e1530f6f1d51dc0fd3537f8144e5c9acfed94700fd28c7aee67bab7502e23a1588adc6aa76f918f08fe40b3b007e2a3
  languageName: node
  linkType: hard

"@azure/core-client@npm:^1.9.2":
  version: 1.10.1
  resolution: "@azure/core-client@npm:1.10.1"
  dependencies:
    "@azure/abort-controller": "npm:^2.1.2"
    "@azure/core-auth": "npm:^1.10.0"
    "@azure/core-rest-pipeline": "npm:^1.22.0"
    "@azure/core-tracing": "npm:^1.3.0"
    "@azure/core-util": "npm:^1.13.0"
    "@azure/logger": "npm:^1.3.0"
    tslib: "npm:^2.6.2"
  checksum: 10/4a00ec0d11f92274bb79efdea2515a7947b8cfb34cff6570a0813ea2889ab57ddc1f22f232192dee8f918e04ba96de07b7584bf9cbcac03e17cb39e9e399c2e9
  languageName: node
  linkType: hard

"@azure/core-lro@npm:^2.7.2":
  version: 2.7.2
  resolution: "@azure/core-lro@npm:2.7.2"
  dependencies:
    "@azure/abort-controller": "npm:^2.0.0"
    "@azure/core-util": "npm:^1.2.0"
    "@azure/logger": "npm:^1.0.0"
    tslib: "npm:^2.6.2"
  checksum: 10/73b4e1d74afc0dc647914db3a79b6212b653d853f6ff7105eb6e19ab2f7af11cef99d6388b3125179c8872db819930ac0ab9768b07c06a3033dd22fa546f8a09
  languageName: node
  linkType: hard

"@azure/core-rest-pipeline@npm:^1.17.0, @azure/core-rest-pipeline@npm:^1.18.0, @azure/core-rest-pipeline@npm:^1.22.0":
  version: 1.23.0
  resolution: "@azure/core-rest-pipeline@npm:1.23.0"
  dependencies:
    "@azure/abort-controller": "npm:^2.1.2"
    "@azure/core-auth": "npm:^1.10.0"
    "@azure/core-tracing": "npm:^1.3.0"
    "@azure/core-util": "npm:^1.13.0"
    "@azure/logger": "npm:^1.3.0"
    "@typespec/ts-http-runtime": "npm:^0.3.4"
    tslib: "npm:^2.6.2"
  checksum: 10/9c60c8bb858cec1caf49d3c323667814512fbf0ca3b34fa382c010f4a6fcccf0a6ef8210c2f7d791b2af67b5c427aefb9b1e4c58a9a9ef60d1cff871fca548f3
  languageName: node
  linkType: hard

"@azure/core-tracing@npm:^1.0.0, @azure/core-tracing@npm:^1.2.0, @azure/core-tracing@npm:^1.3.0":
  version: 1.3.1
  resolution: "@azure/core-tracing@npm:1.3.1"
  dependencies:
    tslib: "npm:^2.6.2"
  checksum: 10/7ef179e0ceb58c76d99c22bb5c5faade6fceaa62a265dcdaf09456e979be716e0249bb952d8000b9502b2194aeccb01454d60b497d4a18755e933cf7b1df919d
  languageName: node
  linkType: hard

"@azure/core-util@npm:^1.11.0, @azure/core-util@npm:^1.13.0, @azure/core-util@npm:^1.2.0":
  version: 1.13.1
  resolution: "@azure/core-util@npm:1.13.1"
  dependencies:
    "@azure/abort-controller": "npm:^2.1.2"
    "@typespec/ts-http-runtime": "npm:^0.3.0"
    tslib: "npm:^2.6.2"
  checksum: 10/81ba529bed2fb615836be9425608e012f9bd243881f861c7ac086ea618c5f91129d3088216eee588323ffc3dfc0013706069830c03810f8a0f4591553ef5843b
  languageName: node
  linkType: hard

"@azure/identity@npm:^4.0.0":
  version: 4.13.1
  resolution: "@azure/identity@npm:4.13.1"
  dependencies:
    "@azure/abort-controller": "npm:^2.0.0"
    "@azure/core-auth": "npm:^1.9.0"
    "@azure/core-client": "npm:^1.9.2"
    "@azure/core-rest-pipeline": "npm:^1.17.0"
    "@azure/core-tracing": "npm:^1.0.0"
    "@azure/core-util": "npm:^1.11.0"
    "@azure/logger": "npm:^1.0.0"
    "@azure/msal-browser": "npm:^5.5.0"
    "@azure/msal-node": "npm:^5.1.0"
    open: "npm:^10.1.0"
    tslib: "npm:^2.2.0"
  checksum: 10/f07734f811d734d29b49ad7f8345a53d680b90d075dcd9bfbc28e2e18bda3f1688de4faf44cc4727302c9aa91c13d4444ac2de6edb88a79c99c9efc660137609
  languageName: node
  linkType: hard

"@azure/logger@npm:^1.0.0, @azure/logger@npm:^1.1.4, @azure/logger@npm:^1.3.0":
  version: 1.3.0
  resolution: "@azure/logger@npm:1.3.0"
  dependencies:
    "@typespec/ts-http-runtime": "npm:^0.3.0"
    tslib: "npm:^2.6.2"
  checksum: 10/7df11bf3b4952207d7355fde3cee223df2e4a64eaafff05a1fcbcb5c870350f1ef726866b771a7520b0e2bb33bfa9c96415b823c4b74e04ad4b755e961634528
  languageName: node
  linkType: hard

"@azure/msal-browser@npm:^5.5.0":
  version: 5.11.0
  resolution: "@azure/msal-browser@npm:5.11.0"
  dependencies:
    "@azure/msal-common": "npm:16.6.2"
  checksum: 10/48049d2e2cdcfdfc9bd03ddb95737f84e2005084d84e55f4adca6d8681a81745a5ecd48c01b20b8623091744664403dcc6ce726212e193f4bf63bda49b19d3e2
  languageName: node
  linkType: hard

"@azure/msal-common@npm:16.6.2":
  version: 16.6.2
  resolution: "@azure/msal-common@npm:16.6.2"
  checksum: 10/df446034a983f44264679489521349d961943518671fb411f7af06f67de3797a756cc35975514828d70a05766771cc619ae990531830631e077dfc1e1d16b1e2
  languageName: node
  linkType: hard

"@azure/msal-node@npm:^5.1.0":
  version: 5.2.2
  resolution: "@azure/msal-node@npm:5.2.2"
  dependencies:
    "@azure/msal-common": "npm:16.6.2"
    jsonwebtoken: "npm:^9.0.0"
  checksum: 10/29cf3d594207a59d01f4f04ca48203391eca3bf7c389a6a51d4a531b30b83cb990c223deee26c99ceaee8f48f3846d3b006b33c4eefc765f37646e442a79572f
  languageName: node
  linkType: hard

"@backstage/plugin-notifications-backend-module-email-dynamic@workspace:.":
  version: 0.0.0-use.local
  resolution: "@backstage/plugin-notifications-backend-module-email-dynamic@workspace:."
  dependencies:
    "@aws-sdk/client-sesv2": "npm:^3.911.0"
    "@azure/communication-email": "npm:^1.0.0"
    "@azure/identity": "npm:^4.0.0"
    "@backstage/plugin-notifications-common": "npm:^0.2.3"
    "@backstage/plugin-notifications-node": "npm:^0.2.27"
    lodash: "npm:^4.17.21"
    nodemailer: "npm:^8.0.4"
    p-throttle: "npm:^4.1.1"
  peerDependencies:
    "@backstage/backend-plugin-api": ^1.9.2
    "@backstage/catalog-client": ^1.16.0
    "@backstage/catalog-model": ^1.9.0
    "@backstage/config": ^1.3.8
    "@backstage/integration-aws-node": ^0.2.0
    "@backstage/plugin-catalog-node": ^2.2.2
    "@backstage/types": ^1.2.2
  languageName: unknown
  linkType: soft

"@backstage/plugin-notifications-common@file:./embedded/backstage-plugin-notifications-common::locator=%40backstage%2Fplugin-notifications-backend-module-email-dynamic%40workspace%3A.":
  version: 0.2.3+embedded
  resolution: "@backstage/plugin-notifications-common@file:./embedded/backstage-plugin-notifications-common#./embedded/backstage-plugin-notifications-common::hash=ceb230&locator=%40backstage%2Fplugin-notifications-backend-module-email-dynamic%40workspace%3A."
  peerDependencies:
    "@backstage/config": ^1.3.8
    "@backstage/types": ^1.2.2
  checksum: 10/5117c3eb89005b1a6962c5d79cd40ac9f5ef859b0c5c43aeadf432c8a1a3c6b887f8368636185d94d5d1c46edd2d6ed9a8ef6db6df63ec549d64adcfa4285939
  languageName: node
  linkType: hard

"@backstage/plugin-notifications-node@file:./embedded/backstage-plugin-notifications-node::locator=%40backstage%2Fplugin-notifications-backend-module-email-dynamic%40workspace%3A.":
  version: 0.2.27+embedded
  resolution: "@backstage/plugin-notifications-node@file:./embedded/backstage-plugin-notifications-node#./embedded/backstage-plugin-notifications-node::hash=9081f8&locator=%40backstage%2Fplugin-notifications-backend-module-email-dynamic%40workspace%3A."
  dependencies:
    "@backstage/plugin-notifications-common": "npm:^0.2.3"
  peerDependencies:
    "@backstage/backend-plugin-api": ^1.9.2
  checksum: 10/3f8ebd11fbc9b0484f78c3ff1c2faac7559ddf0858c42ef4c5f2e999cfa066235f4975406111810d27fe71fdc92e687e7200332554287825231f0afb9b17f9f1
  languageName: node
  linkType: hard

"@nodable/entities@npm:2.1.0, @nodable/entities@npm:^2.1.0":
  version: 2.1.0
  resolution: "@nodable/entities@npm:2.1.0"
  checksum: 10/355c55e82aebe45d4b962d16530951df51e19e3e63a27ea61ad3260c0807064619b270b9c83db10e8394f42760abd5b7f7c5b5117678c4246ce8364a4aafc637
  languageName: node
  linkType: hard

"@smithy/core@npm:^3.24.3, @smithy/core@npm:^3.24.4":
  version: 3.24.4
  resolution: "@smithy/core@npm:3.24.4"
  dependencies:
    "@aws-crypto/crc32": "npm:5.2.0"
    "@smithy/types": "npm:^4.14.2"
    tslib: "npm:^2.6.2"
  checksum: 10/9c79699bd01e9d5f69086955508f5caea480a8c3495fedb7219456e757206461ac53673e345c480483b6e4d7fdf50a4ec9efac02ad4ce9f0e2d58bec0dff4790
  languageName: node
  linkType: hard

"@smithy/credential-provider-imds@npm:^4.3.2":
  version: 4.3.4
  resolution: "@smithy/credential-provider-imds@npm:4.3.4"
  dependencies:
    "@smithy/core": "npm:^3.24.4"
    "@smithy/types": "npm:^4.14.2"
    tslib: "npm:^2.6.2"
  checksum: 10/603cbb09ba5bbba44b6670896cebd549ad683b5459c5a2de1aa58d008ff316b5d8e4b111bcdf755514168ff22443bd79f40d94668b284e6d0f6f8bdb9a5b7e08
  languageName: node
  linkType: hard

"@smithy/fetch-http-handler@npm:^5.4.3":
  version: 5.4.4
  resolution: "@smithy/fetch-http-handler@npm:5.4.4"
  dependencies:
    "@smithy/core": "npm:^3.24.4"
    "@smithy/types": "npm:^4.14.2"
    tslib: "npm:^2.6.2"
  checksum: 10/8026cff6b9c47019c3794b13ab1d0a76d9875bdd27921dbfea0fe3023608c90ff9a3babe0d3eeced23817ab0f5a4841c09b14b38dbb76027b7f2614e1dc5d712
  languageName: node
  linkType: hard

"@smithy/is-array-buffer@npm:^2.2.0":
  version: 2.2.0
  resolution: "@smithy/is-array-buffer@npm:2.2.0"
  dependencies:
    tslib: "npm:^2.6.2"
  checksum: 10/d366743ecc7a9fc3bad21dbb3950d213c12bdd4aeb62b1265bf6cbe38309df547664ef3e51ab732e704485194f15e89d361943b0bfbe3fe1a4b3178b942913cc
  languageName: node
  linkType: hard

"@smithy/node-http-handler@npm:^4.7.3":
  version: 4.7.4
  resolution: "@smithy/node-http-handler@npm:4.7.4"
  dependencies:
    "@smithy/core": "npm:^3.24.4"
    "@smithy/types": "npm:^4.14.2"
    tslib: "npm:^2.6.2"
  checksum: 10/9e8ff089c0d56956d35fe75c054ed3045f78a94cbac8d252ef7906dc88aa8597d158c9d82871b97c62fee6485de9b7337baa6628891a26a637461c68758b1ea2
  languageName: node
  linkType: hard

"@smithy/signature-v4@npm:^5.4.2":
  version: 5.4.4
  resolution: "@smithy/signature-v4@npm:5.4.4"
  dependencies:
    "@smithy/core": "npm:^3.24.4"
    "@smithy/types": "npm:^4.14.2"
    tslib: "npm:^2.6.2"
  checksum: 10/1d64acebd8bd6f0a83df8c0feefb3bb6944c7ca16cd1634b45c03785a77fbb99a4fc6b481bae846f59c1de52a23160105d947c19cc087435bf214d62fb705aa0
  languageName: node
  linkType: hard

"@smithy/types@npm:^4.14.2":
  version: 4.14.2
  resolution: "@smithy/types@npm:4.14.2"
  dependencies:
    tslib: "npm:^2.6.2"
  checksum: 10/bd5b81b5b35f129e443e571adb2d856fdeb4e216966272600635c6b5ec951b8392e63f977d1464cfe7c0e0d3f6c931730720803933f97891f2a2aa2c76cde15f
  languageName: node
  linkType: hard

"@smithy/util-buffer-from@npm:^2.2.0":
  version: 2.2.0
  resolution: "@smithy/util-buffer-from@npm:2.2.0"
  dependencies:
    "@smithy/is-array-buffer": "npm:^2.2.0"
    tslib: "npm:^2.6.2"
  checksum: 10/53253e4e351df3c4b7907dca48a0a6ceae783e98a8e73526820b122b3047a53fd127c19f4d8301f68d852011d821da519da783de57e0b22eed57c4df5b90d089
  languageName: node
  linkType: hard

"@smithy/util-utf8@npm:^2.0.0":
  version: 2.3.0
  resolution: "@smithy/util-utf8@npm:2.3.0"
  dependencies:
    "@smithy/util-buffer-from": "npm:^2.2.0"
    tslib: "npm:^2.6.2"
  checksum: 10/c766ead8dac6bc6169f4cac1cc47ef7bd86928d06255148f9528228002f669c8cc49f78dc2b9ba5d7e214d40315024a9e32c5c9130b33e20f0fe4532acd0dff5
  languageName: node
  linkType: hard

"@typespec/ts-http-runtime@npm:^0.3.0, @typespec/ts-http-runtime@npm:^0.3.4":
  version: 0.3.5
  resolution: "@typespec/ts-http-runtime@npm:0.3.5"
  dependencies:
    http-proxy-agent: "npm:^7.0.0"
    https-proxy-agent: "npm:^7.0.0"
    tslib: "npm:^2.6.2"
  checksum: 10/7cf459826e4867ab52a4b9855fdce4590e30a6f37e11fb93155e01c6e80139ec9966b7a3270cffed2c1e88ae66acbae5b4c9a7ecd9274679734da2c18310cc6c
  languageName: node
  linkType: hard

"agent-base@npm:^7.1.0, agent-base@npm:^7.1.2":
  version: 7.1.3
  resolution: "agent-base@npm:7.1.3"
  checksum: 10/3db6d8d4651f2aa1a9e4af35b96ab11a7607af57a24f3bc721a387eaa3b5f674e901f0a648b0caefd48f3fd117c7761b79a3b55854e2aebaa96c3f32cf76af84
  languageName: node
  linkType: hard

"bowser@npm:^2.11.0":
  version: 2.11.0
  resolution: "bowser@npm:2.11.0"
  checksum: 10/ef46500eafe35072455e7c3ae771244e97827e0626686a9a3601c436d16eb272dad7ccbd49e2130b599b617ca9daa67027de827ffc4c220e02f63c84b69a8751
  languageName: node
  linkType: hard

"buffer-equal-constant-time@npm:^1.0.1":
  version: 1.0.1
  resolution: "buffer-equal-constant-time@npm:1.0.1"
  checksum: 10/80bb945f5d782a56f374b292770901065bad21420e34936ecbe949e57724b4a13874f735850dd1cc61f078773c4fb5493a41391e7bda40d1fa388d6bd80daaab
  languageName: node
  linkType: hard

"bundle-name@npm:^4.1.0":
  version: 4.1.0
  resolution: "bundle-name@npm:4.1.0"
  dependencies:
    run-applescript: "npm:^7.0.0"
  checksum: 10/1d966c8d2dbf4d9d394e53b724ac756c2414c45c01340b37743621f59cc565a435024b394ddcb62b9b335d1c9a31f4640eb648c3fec7f97ee74dc0694c9beb6c
  languageName: node
  linkType: hard

"debug@npm:4, debug@npm:^4.3.4":
  version: 4.4.3
  resolution: "debug@npm:4.4.3"
  dependencies:
    ms: "npm:^2.1.3"
  peerDependenciesMeta:
    supports-color:
      optional: true
  checksum: 10/9ada3434ea2993800bd9a1e320bd4aa7af69659fb51cca685d390949434bc0a8873c21ed7c9b852af6f2455a55c6d050aa3937d52b3c69f796dab666f762acad
  languageName: node
  linkType: hard

"default-browser-id@npm:^5.0.0":
  version: 5.0.0
  resolution: "default-browser-id@npm:5.0.0"
  checksum: 10/185bfaecec2c75fa423544af722a3469b20704c8d1942794a86e4364fe7d9e8e9f63241a5b769d61c8151993bc65833a5b959026fa1ccea343b3db0a33aa6deb
  languageName: node
  linkType: hard

"default-browser@npm:^5.2.1":
  version: 5.2.1
  resolution: "default-browser@npm:5.2.1"
  dependencies:
    bundle-name: "npm:^4.1.0"
    default-browser-id: "npm:^5.0.0"
  checksum: 10/afab7eff7b7f5f7a94d9114d1ec67273d3fbc539edf8c0f80019879d53aa71e867303c6f6d7cffeb10a6f3cfb59d4f963dba3f9c96830b4540cc7339a1bf9840
  languageName: node
  linkType: hard

"define-lazy-prop@npm:^3.0.0":
  version: 3.0.0
  resolution: "define-lazy-prop@npm:3.0.0"
  checksum: 10/f28421cf9ee86eecaf5f3b8fe875f13d7009c2625e97645bfff7a2a49aca678270b86c39f9c32939e5ca7ab96b551377ed4139558c795e076774287ad3af1aa4
  languageName: node
  linkType: hard

"ecdsa-sig-formatter@npm:1.0.11":
  version: 1.0.11
  resolution: "ecdsa-sig-formatter@npm:1.0.11"
  dependencies:
    safe-buffer: "npm:^5.0.1"
  checksum: 10/878e1aab8a42773320bc04c6de420bee21aebd71810e40b1799880a8a1c4594bcd6adc3d4213a0fb8147d4c3f529d8f9a618d7f59ad5a9a41b142058aceda23f
  languageName: node
  linkType: hard

"events@npm:^3.3.0":
  version: 3.3.0
  resolution: "events@npm:3.3.0"
  checksum: 10/a3d47e285e28d324d7180f1e493961a2bbb4cad6412090e4dec114f4db1f5b560c7696ee8e758f55e23913ede856e3689cd3aa9ae13c56b5d8314cd3b3ddd1be
  languageName: node
  linkType: hard

"fast-xml-builder@npm:^1.1.7":
  version: 1.2.0
  resolution: "fast-xml-builder@npm:1.2.0"
  dependencies:
    path-expression-matcher: "npm:^1.5.0"
    xml-naming: "npm:^0.1.0"
  checksum: 10/5948add7796879d03b6c779cbb17f2f203a41cdf23dfaaa4789c65078a36376cd0709a6586701e980e3d244ebd5fdb35db1235ccb5e4fb9e9abfd8c51e7b8813
  languageName: node
  linkType: hard

"fast-xml-parser@npm:5.7.3":
  version: 5.7.3
  resolution: "fast-xml-parser@npm:5.7.3"
  dependencies:
    "@nodable/entities": "npm:^2.1.0"
    fast-xml-builder: "npm:^1.1.7"
    path-expression-matcher: "npm:^1.5.0"
    strnum: "npm:^2.2.3"
  bin:
    fxparser: src/cli/cli.js
  checksum: 10/00a58655d0d58c1f914c7fd8e3a94e88799c3d473e29a6d2231dc02103df069e8c6043137cbec8df1cda6525a39914d1b84455a79530f63be266876a2211251c
  languageName: node
  linkType: hard

"http-proxy-agent@npm:^7.0.0":
  version: 7.0.2
  resolution: "http-proxy-agent@npm:7.0.2"
  dependencies:
    agent-base: "npm:^7.1.0"
    debug: "npm:^4.3.4"
  checksum: 10/d062acfa0cb82beeb558f1043c6ba770ea892b5fb7b28654dbc70ea2aeea55226dd34c02a294f6c1ca179a5aa483c4ea641846821b182edbd9cc5d89b54c6848
  languageName: node
  linkType: hard

"https-proxy-agent@npm:^7.0.0":
  version: 7.0.6
  resolution: "https-proxy-agent@npm:7.0.6"
  dependencies:
    agent-base: "npm:^7.1.2"
    debug: "npm:4"
  checksum: 10/784b628cbd55b25542a9d85033bdfd03d4eda630fb8b3c9477959367f3be95dc476ed2ecbb9836c359c7c698027fc7b45723a302324433590f45d6c1706e8c13
  languageName: node
  linkType: hard

"is-docker@npm:^3.0.0":
  version: 3.0.0
  resolution: "is-docker@npm:3.0.0"
  bin:
    is-docker: cli.js
  checksum: 10/b698118f04feb7eaf3338922bd79cba064ea54a1c3db6ec8c0c8d8ee7613e7e5854d802d3ef646812a8a3ace81182a085dfa0a71cc68b06f3fa794b9783b3c90
  languageName: node
  linkType: hard

"is-inside-container@npm:^1.0.0":
  version: 1.0.0
  resolution: "is-inside-container@npm:1.0.0"
  dependencies:
    is-docker: "npm:^3.0.0"
  bin:
    is-inside-container: cli.js
  checksum: 10/c50b75a2ab66ab3e8b92b3bc534e1ea72ca25766832c0623ac22d134116a98bcf012197d1caabe1d1c4bd5f84363d4aa5c36bb4b585fbcaf57be172cd10a1a03
  languageName: node
  linkType: hard

"is-wsl@npm:^3.1.0":
  version: 3.1.0
  resolution: "is-wsl@npm:3.1.0"
  dependencies:
    is-inside-container: "npm:^1.0.0"
  checksum: 10/f9734c81f2f9cf9877c5db8356bfe1ff61680f1f4c1011e91278a9c0564b395ae796addb4bf33956871041476ec82c3e5260ed57b22ac91794d4ae70a1d2f0a9
  languageName: node
  linkType: hard

"jsonwebtoken@npm:^9.0.0":
  version: 9.0.0
  resolution: "jsonwebtoken@npm:9.0.0"
  dependencies:
    jws: "npm:^3.2.2"
    lodash: "npm:^4.17.21"
    ms: "npm:^2.1.1"
    semver: "npm:^7.3.8"
  checksum: 10/769ea563e9851b4d8a00d7f4bd90e10233344e6c62f01a3a154756a8832fa2ba2f14341080529bf5a72961ae8a74007ade6493c89143e5c800e218bee48b0149
  languageName: node
  linkType: hard

"jwa@npm:^1.4.2":
  version: 1.4.2
  resolution: "jwa@npm:1.4.2"
  dependencies:
    buffer-equal-constant-time: "npm:^1.0.1"
    ecdsa-sig-formatter: "npm:1.0.11"
    safe-buffer: "npm:^5.0.1"
  checksum: 10/a46c9ddbcc226d9e85e13ef96328c7d331abddd66b5a55ec44bcf4350464a6125385ac9c1e64faa0fae8d586d90a14d6b5e96c73f0388970a3918d5252efb0f3
  languageName: node
  linkType: hard

"jws@npm:^3.2.2":
  version: 3.2.3
  resolution: "jws@npm:3.2.3"
  dependencies:
    jwa: "npm:^1.4.2"
    safe-buffer: "npm:^5.0.1"
  checksum: 10/707387dd1cabcc3d9c2818f773cfaac7ede66e79ca11bbd159285a88cf5d8e8f355afcb8ee373e7bb0fcf9b7a2df015b22c50f27842f2c77453f04cd9f8f4009
  languageName: node
  linkType: hard

"jwt-decode@npm:^4.0.0":
  version: 4.0.0
  resolution: "jwt-decode@npm:4.0.0"
  checksum: 10/87b569e4a9a0067fb0d592bcf3b2ac3e638e49beee28620eeb07bef1b4470f4077dea68c15d191dd68e076846c3af8394be3bcaecffedc6e97433b221fdbbcf3
  languageName: node
  linkType: hard

"lodash@npm:^4.17.21":
  version: 4.18.1
  resolution: "lodash@npm:4.18.1"
  checksum: 10/306fea53dfd39dad1f03d45ba654a2405aebd35797b673077f401edb7df2543623dc44b9effbb98f69b32152295fff725a4cec99c684098947430600c6af0c3f
  languageName: node
  linkType: hard

"ms@npm:^2.1.1, ms@npm:^2.1.3":
  version: 2.1.3
  resolution: "ms@npm:2.1.3"
  checksum: 10/aa92de608021b242401676e35cfa5aa42dd70cbdc082b916da7fb925c542173e36bce97ea3e804923fe92c0ad991434e4a38327e15a1b5b5f945d66df615ae6d
  languageName: node
  linkType: hard

"nodemailer@npm:^8.0.4":
  version: 8.0.9
  resolution: "nodemailer@npm:8.0.9"
  checksum: 10/5e05f2ae9637fab18e99813cd2db1e5ab408c34f6164e5d3c9ad0bce9e70dfa6ab689971cd025f30322c91bfc9ab560431f3bb7928e68d962e6edd2256c2366e
  languageName: node
  linkType: hard

"open@npm:^10.1.0":
  version: 10.2.0
  resolution: "open@npm:10.2.0"
  dependencies:
    default-browser: "npm:^5.2.1"
    define-lazy-prop: "npm:^3.0.0"
    is-inside-container: "npm:^1.0.0"
    wsl-utils: "npm:^0.1.0"
  checksum: 10/e6ad9474734eac3549dcc7d85e952394856ccaee48107c453bd6a725b82e3b8ed5f427658935df27efa76b411aeef62888edea8a9e347e8e7c82632ec966b30e
  languageName: node
  linkType: hard

"p-throttle@npm:^4.1.1":
  version: 4.1.1
  resolution: "p-throttle@npm:4.1.1"
  checksum: 10/fe8709f3c3b1da7c033479375c2c302e80c1a5d86449013afa7cd46d1dc210bc824a7e4a9d088e66d31987d00878c2b5491bb2fe76246d4d2fc9a1636f5f8298
  languageName: node
  linkType: hard

"path-expression-matcher@npm:^1.5.0":
  version: 1.5.0
  resolution: "path-expression-matcher@npm:1.5.0"
  checksum: 10/28303bb9ee6831e6df14c10cd3f3f7b2d7c8d7f788d8bdb7440136fd696064c82a3e264999a0764d28e39f698275fc03a5493bec93c57ef4a22566280367dd64
  languageName: node
  linkType: hard

"run-applescript@npm:^7.0.0":
  version: 7.0.0
  resolution: "run-applescript@npm:7.0.0"
  checksum: 10/b02462454d8b182ad4117e5d4626e9e6782eb2072925c9fac582170b0627ae3c1ea92ee9b2df7daf84b5e9ffe14eb1cf5fb70bc44b15c8a0bfcdb47987e2410c
  languageName: node
  linkType: hard

"safe-buffer@npm:^5.0.1":
  version: 5.2.1
  resolution: "safe-buffer@npm:5.2.1"
  checksum: 10/32872cd0ff68a3ddade7a7617b8f4c2ae8764d8b7d884c651b74457967a9e0e886267d3ecc781220629c44a865167b61c375d2da6c720c840ecd73f45d5d9451
  languageName: node
  linkType: hard

"semver@npm:^7.3.8":
  version: 7.7.4
  resolution: "semver@npm:7.7.4"
  bin:
    semver: bin/semver.js
  checksum: 10/26bdc6d58b29528f4142d29afb8526bc335f4fc04c4a10f2b98b217f277a031c66736bf82d3d3bb354a2f6a3ae50f18fd62b053c4ac3f294a3d10a61f5075b75
  languageName: node
  linkType: hard

"strnum@npm:^2.2.3":
  version: 2.3.0
  resolution: "strnum@npm:2.3.0"
  checksum: 10/ce79c86bb2b96f053eb28e14924c13604e22977dcdece9aa914c25e16cc5c4bbe048976fe0b2a4decf08a1e13600b820749cea25463fc0e5fee3078339e0a457
  languageName: node
  linkType: hard

"tslib@npm:^2.2.0, tslib@npm:^2.6.2, tslib@npm:^2.8.1":
  version: 2.8.1
  resolution: "tslib@npm:2.8.1"
  checksum: 10/3e2e043d5c2316461cb54e5c7fe02c30ef6dccb3384717ca22ae5c6b5bc95232a6241df19c622d9c73b809bea33b187f6dbc73030963e29950c2141bc32a79f7
  languageName: node
  linkType: hard

"wsl-utils@npm:^0.1.0":
  version: 0.1.0
  resolution: "wsl-utils@npm:0.1.0"
  dependencies:
    is-wsl: "npm:^3.1.0"
  checksum: 10/de4c92187e04c3c27b4478f410a02e81c351dc85efa3447bf1666f34fc80baacd890a6698ec91995631714086992036013286aea3d77e6974020d40a08e00aec
  languageName: node
  linkType: hard

"xml-naming@npm:^0.1.0":
  version: 0.1.0
  resolution: "xml-naming@npm:0.1.0"
  checksum: 10/45abd94ba64a508bda3f4d0b70e49811a3c3542596252c213caf47c858bbe9bba365ebba8eeff68e2a876e22a1bf6855d90cd2019b2f28012cebb167a4df2293
  languageName: node
  linkType: hard
