# This file is generated by running "yarn install" inside your project.
# Manual changes might be lost - proceed with caution!

__metadata:
  version: 8
  cacheKey: 10

"@roadiehq/scaffolder-backend-module-http-request-dynamic@workspace:.":
  version: 0.0.0-use.local
  resolution: "@roadiehq/scaffolder-backend-module-http-request-dynamic@workspace:."
  dependencies:
    cross-fetch: "npm:^4.0.0"
  peerDependencies:
    "@backstage/backend-plugin-api": ^1.4.4
    "@backstage/core-plugin-api": ^1.11.1
    "@backstage/plugin-scaffolder-node": ^0.12.0
  languageName: unknown
  linkType: soft

"cross-fetch@npm:^4.0.0":
  version: 4.0.0
  resolution: "cross-fetch@npm:4.0.0"
  dependencies:
    node-fetch: "npm:^2.6.12"
  checksum: 10/e231a71926644ef122d334a3a4e73d9ba3ba4b480a8a277fb9badc434c1ba905b3d60c8034e18b348361a09afbec40ba9371036801ba2b675a7b84588f9f55d8
  languageName: node
  linkType: hard

"node-fetch@npm:^2.6.12":
  version: 2.7.0
  resolution: "node-fetch@npm:2.7.0"
  dependencies:
    whatwg-url: "npm:^5.0.0"
  peerDependencies:
    encoding: ^0.1.0
  peerDependenciesMeta:
    encoding:
      optional: true
  checksum: 10/b24f8a3dc937f388192e59bcf9d0857d7b6940a2496f328381641cb616efccc9866e89ec43f2ec956bbd6c3d3ee05524ce77fe7b29ccd34692b3a16f237d6676
  languageName: node
  linkType: hard

"tr46@npm:~0.0.3":
  version: 0.0.3
  resolution: "tr46@npm:0.0.3"
  checksum: 10/8f1f5aa6cb232f9e1bdc86f485f916b7aa38caee8a778b378ffec0b70d9307873f253f5cbadbe2955ece2ac5c83d0dc14a77513166ccd0a0c7fe197e21396695
  languageName: node
  linkType: hard

"webidl-conversions@npm:^3.0.0":
  version: 3.0.1
  resolution: "webidl-conversions@npm:3.0.1"
  checksum: 10/b65b9f8d6854572a84a5c69615152b63371395f0c5dcd6729c45789052296df54314db2bc3e977df41705eacb8bc79c247cee139a63fa695192f95816ed528ad
  languageName: node
  linkType: hard

"whatwg-url@npm:^5.0.0":
  version: 5.0.0
  resolution: "whatwg-url@npm:5.0.0"
  dependencies:
    tr46: "npm:~0.0.3"
    webidl-conversions: "npm:^3.0.0"
  checksum: 10/f95adbc1e80820828b45cc671d97da7cd5e4ef9deb426c31bcd5ab00dc7103042291613b3ef3caec0a2335ed09e0d5ed026c940755dbb6d404e2b27f940fdf07
  languageName: node
  linkType: hard
