# This file is generated by running "yarn install" inside your project.
# Manual changes might be lost - proceed with caution!

__metadata:
  version: 8
  cacheKey: 10

"@backstage/plugin-catalog-backend-module-ldap-dynamic@workspace:.":
  version: 0.0.0-use.local
  resolution: "@backstage/plugin-catalog-backend-module-ldap-dynamic@workspace:."
  dependencies:
    "@backstage/plugin-catalog-common": "npm:^1.1.10"
    "@backstage/plugin-catalog-node": "npm:^2.2.2"
    ldapts: "npm:^8.0.6"
    lodash: "npm:^4.17.21"
  peerDependencies:
    "@backstage/backend-plugin-api": ^1.9.2
    "@backstage/backend-test-utils": ^1.11.4
    "@backstage/catalog-client": ^1.16.0
    "@backstage/catalog-model": ^1.9.0
    "@backstage/config": ^1.3.8
    "@backstage/errors": ^1.3.1
    "@backstage/plugin-permission-common": ^0.9.9
    "@backstage/plugin-permission-node": ^0.11.1
    "@backstage/plugin-search-common": ^1.2.24
    "@backstage/types": ^1.2.2
  languageName: unknown
  linkType: soft

"@backstage/plugin-catalog-common@file:./embedded/backstage-plugin-catalog-common::locator=%40backstage%2Fplugin-catalog-backend-module-ldap-dynamic%40workspace%3A.":
  version: 1.1.10+embedded
  resolution: "@backstage/plugin-catalog-common@file:./embedded/backstage-plugin-catalog-common#./embedded/backstage-plugin-catalog-common::hash=38ea3b&locator=%40backstage%2Fplugin-catalog-backend-module-ldap-dynamic%40workspace%3A."
  peerDependencies:
    "@backstage/catalog-model": ^1.9.0
    "@backstage/plugin-permission-common": ^0.9.9
    "@backstage/plugin-search-common": ^1.2.24
  checksum: 10/4613fa31607b579367b94f54bedad5477d12dbc9b45257d389d1ae0be83b5ffc112a7a1a6bcd79dd8aedc4526f40ed57f2edaccbba1c834b9ee770cfd188b86a
  languageName: node
  linkType: hard

"@backstage/plugin-catalog-node@file:./embedded/backstage-plugin-catalog-node::locator=%40backstage%2Fplugin-catalog-backend-module-ldap-dynamic%40workspace%3A.":
  version: 2.2.2+embedded
  resolution: "@backstage/plugin-catalog-node@file:./embedded/backstage-plugin-catalog-node#./embedded/backstage-plugin-catalog-node::hash=3b3eb2&locator=%40backstage%2Fplugin-catalog-backend-module-ldap-dynamic%40workspace%3A."
  dependencies:
    "@backstage/plugin-catalog-common": "npm:^1.1.10"
    "@opentelemetry/api": "npm:^1.9.0"
    lodash: "npm:^4.17.21"
    yaml: "npm:^2.0.0"
  peerDependencies:
    "@backstage/backend-plugin-api": ^1.9.2
    "@backstage/backend-test-utils": ^1.11.4
    "@backstage/catalog-client": ^1.16.0
    "@backstage/catalog-model": ^1.9.0
    "@backstage/errors": ^1.3.1
    "@backstage/plugin-permission-common": ^0.9.9
    "@backstage/plugin-permission-node": ^0.11.1
    "@backstage/types": ^1.2.2
  peerDependenciesMeta:
    "@backstage/backend-test-utils":
      optional: true
  checksum: 10/0c5513a94bb8162e5dab359c36914a386ec0c59b99b1d97eb2c21f8c9ed6d743427fb3e31e6250f3f5dd669a451471f9c61e21e8312669f368263151b39ad60c
  languageName: node
  linkType: hard

"@opentelemetry/api@npm:^1.9.0":
  version: 1.9.0
  resolution: "@opentelemetry/api@npm:1.9.0"
  checksum: 10/a607f0eef971893c4f2ee2a4c2069aade6ec3e84e2a1f5c2aac19f65c5d9eeea41aa72db917c1029faafdd71789a1a040bdc18f40d63690e22ccae5d7070f194
  languageName: node
  linkType: hard

"ldapts@npm:^8.0.6":
  version: 8.1.8
  resolution: "ldapts@npm:8.1.8"
  dependencies:
    strict-event-emitter-types: "npm:2.0.0"
  checksum: 10/3d9e80005e46f1895fd51dba7092c83882c8e1d0e7be846876e5f7337a8f5e4bf2f995ae743f56c97cc1e93f1bcc2415f802663b9928167a318c65d7b332d689
  languageName: node
  linkType: hard

"lodash@npm:^4.17.21":
  version: 4.18.1
  resolution: "lodash@npm:4.18.1"
  checksum: 10/306fea53dfd39dad1f03d45ba654a2405aebd35797b673077f401edb7df2543623dc44b9effbb98f69b32152295fff725a4cec99c684098947430600c6af0c3f
  languageName: node
  linkType: hard

"strict-event-emitter-types@npm:2.0.0":
  version: 2.0.0
  resolution: "strict-event-emitter-types@npm:2.0.0"
  checksum: 10/d7b28708bf09648302e8ea5a6c4999d7e3186a06f68568a6196a71e315bf4ef44f78011db11576b0b4ed45df4a8f0baf0d64232d2a6eaf21fa92c7ec4085f481
  languageName: node
  linkType: hard

"yaml@npm:^2.0.0":
  version: 2.9.0
  resolution: "yaml@npm:2.9.0"
  bin:
    yaml: bin.mjs
  checksum: 10/9a95e8e08651c3d292ab6a5befeb5f57b76801caa097c75bb45c9a70ce19c1b11f57e87a6ef84a579ea070ed2c2c8ac541c88c0ae684d544d5f42c7e77d11b7b
  languageName: node
  linkType: hard
